
Microsoft Visual Studio Solution File, Format Version 12.00
# Visual Studio Version 17
VisualStudioVersion = 17.0.31903.59
MinimumVisualStudioVersion = 10.0.40219.1
Project("{FAE04EC0-301F-11D3-BF4B-00C04F79EFBC}") = "Avalime.Android", "Avalime.Android\Avalime.Android.csproj", "{E94996FC-F77D-4252-AD48-A8570CEF23EC}"
EndProject
Project("{FAE04EC0-301F-11D3-BF4B-00C04F79EFBC}") = "Avalime.UI", "Avalime.UI\Avalime.UI.csproj", "{9745C7F5-231F-442A-B6CE-6B524AB2585D}"
EndProject
Project("{FAE04EC0-301F-11D3-BF4B-00C04F79EFBC}") = "Avalime.Core", "Avalime.Core\Avalime.Core.csproj", "{E1ED05B0-4E18-41FF-AED1-213CC5231467}"
EndProject
Project("{FAE04EC0-301F-11D3-BF4B-00C04F79EFBC}") = "Avalime.Rime", "Avalime.Rime\Avalime.Rime.csproj", "{E1EF847F-DF8C-4DE6-BC47-F97C0AC67824}"
EndProject
Project("{FAE04EC0-301F-11D3-BF4B-00C04F79EFBC}") = "CsShared", "CsShared\CsShared.csproj", "{5150D36A-2503-455C-9B92-4E1B8F596913}"
EndProject
Project("{FAE04EC0-301F-11D3-BF4B-00C04F79EFBC}") = "Avalime.Browser", "Avalime.Browser\Avalime.Browser.csproj", "{3952634E-15C6-49B5-9187-CAA6AA0BD8AA}"
EndProject
Project("{FAE04EC0-301F-11D3-BF4B-00C04F79EFBC}") = "Avalime.Desktop", "Avalime.Desktop\Avalime.Desktop.csproj", "{851AA1C7-A3AD-406E-8681-8CECD5E9CA88}"
EndProject
Project("{FAE04EC0-301F-11D3-BF4B-00C04F79EFBC}") = "Avalime.iOS", "Avalime.iOS\Avalime.iOS.csproj", "{AFE2D33F-A20B-45E3-9471-DA20655CB8C0}"
EndProject
Project("{FAE04EC0-301F-11D3-BF4B-00C04F79EFBC}") = "Avalime.Test", "Avalime.Test\Avalime.Test.csproj", "{1ACF0E5D-58DE-4612-A3DB-A5ECA072D7C1}"
EndProject
Project("{FAE04EC0-301F-11D3-BF4B-00C04F79EFBC}") = "Avalime.Windows", "Avalime.Windows\Avalime.Windows.csproj", "{DE925DCC-81F8-40B6-B355-63283CDDD0C9}"
EndProject
Project("{2150E333-8FDC-42A3-9474-1A3956D46DE8}") = "CsRimeApi", "CsRimeApi", "{226D2EAE-53BB-7C2A-3826-E350C8290EB6}"
EndProject
Project("{FAE04EC0-301F-11D3-BF4B-00C04F79EFBC}") = "CsShared", "CsRimeApi\CsShared\CsShared.csproj", "{4925B221-DD6A-4605-8A16-B1EE8AD98948}"
EndProject
Project("{FAE04EC0-301F-11D3-BF4B-00C04F79EFBC}") = "Rime.Api", "CsRimeApi\Rime.Api\Rime.Api.csproj", "{95B56CA4-E5E5-46E6-9629-8B4D3B068838}"
EndProject
Project("{FAE04EC0-301F-11D3-BF4B-00C04F79EFBC}") = "RimeApi.Console", "CsRimeApi\RimeApi.Console\RimeApi.Console.csproj", "{F2F1257C-3AE6-4E7D-8AF7-E5F8FF165157}"
EndProject
Global
	GlobalSection(SolutionConfigurationPlatforms) = preSolution
		Debug|Any CPU = Debug|Any CPU
		Debug|x64 = Debug|x64
		Debug|x86 = Debug|x86
		Release|Any CPU = Release|Any CPU
		Release|x64 = Release|x64
		Release|x86 = Release|x86
	EndGlobalSection
	GlobalSection(ProjectConfigurationPlatforms) = postSolution
		{E94996FC-F77D-4252-AD48-A8570CEF23EC}.Debug|Any CPU.ActiveCfg = Debug|Any CPU
		{E94996FC-F77D-4252-AD48-A8570CEF23EC}.Debug|Any CPU.Build.0 = Debug|Any CPU
		{E94996FC-F77D-4252-AD48-A8570CEF23EC}.Debug|x64.ActiveCfg = Debug|Any CPU
		{E94996FC-F77D-4252-AD48-A8570CEF23EC}.Debug|x64.Build.0 = Debug|Any CPU
		{E94996FC-F77D-4252-AD48-A8570CEF23EC}.Debug|x86.ActiveCfg = Debug|Any CPU
		{E94996FC-F77D-4252-AD48-A8570CEF23EC}.Debug|x86.Build.0 = Debug|Any CPU
		{E94996FC-F77D-4252-AD48-A8570CEF23EC}.Release|Any CPU.ActiveCfg = Release|Any CPU
		{E94996FC-F77D-4252-AD48-A8570CEF23EC}.Release|Any CPU.Build.0 = Release|Any CPU
		{E94996FC-F77D-4252-AD48-A8570CEF23EC}.Release|x64.ActiveCfg = Release|Any CPU
		{E94996FC-F77D-4252-AD48-A8570CEF23EC}.Release|x64.Build.0 = Release|Any CPU
		{E94996FC-F77D-4252-AD48-A8570CEF23EC}.Release|x86.ActiveCfg = Release|Any CPU
		{E94996FC-F77D-4252-AD48-A8570CEF23EC}.Release|x86.Build.0 = Release|Any CPU
		{9745C7F5-231F-442A-B6CE-6B524AB2585D}.Debug|Any CPU.ActiveCfg = Debug|Any CPU
		{9745C7F5-231F-442A-B6CE-6B524AB2585D}.Debug|Any CPU.Build.0 = Debug|Any CPU
		{9745C7F5-231F-442A-B6CE-6B524AB2585D}.Debug|x64.ActiveCfg = Debug|Any CPU
		{9745C7F5-231F-442A-B6CE-6B524AB2585D}.Debug|x64.Build.0 = Debug|Any CPU
		{9745C7F5-231F-442A-B6CE-6B524AB2585D}.Debug|x86.ActiveCfg = Debug|Any CPU
		{9745C7F5-231F-442A-B6CE-6B524AB2585D}.Debug|x86.Build.0 = Debug|Any CPU
		{9745C7F5-231F-442A-B6CE-6B524AB2585D}.Release|Any CPU.ActiveCfg = Release|Any CPU
		{9745C7F5-231F-442A-B6CE-6B524AB2585D}.Release|Any CPU.Build.0 = Release|Any CPU
		{9745C7F5-231F-442A-B6CE-6B524AB2585D}.Release|x64.ActiveCfg = Release|Any CPU
		{9745C7F5-231F-442A-B6CE-6B524AB2585D}.Release|x64.Build.0 = Release|Any CPU
		{9745C7F5-231F-442A-B6CE-6B524AB2585D}.Release|x86.ActiveCfg = Release|Any CPU
		{9745C7F5-231F-442A-B6CE-6B524AB2585D}.Release|x86.Build.0 = Release|Any CPU
		{E1ED05B0-4E18-41FF-AED1-213CC5231467}.Debug|Any CPU.ActiveCfg = Debug|Any CPU
		{E1ED05B0-4E18-41FF-AED1-213CC5231467}.Debug|Any CPU.Build.0 = Debug|Any CPU
		{E1ED05B0-4E18-41FF-AED1-213CC5231467}.Debug|x64.ActiveCfg = Debug|Any CPU
		{E1ED05B0-4E18-41FF-AED1-213CC5231467}.Debug|x64.Build.0 = Debug|Any CPU
		{E1ED05B0-4E18-41FF-AED1-213CC5231467}.Debug|x86.ActiveCfg = Debug|Any CPU
		{E1ED05B0-4E18-41FF-AED1-213CC5231467}.Debug|x86.Build.0 = Debug|Any CPU
		{E1ED05B0-4E18-41FF-AED1-213CC5231467}.Release|Any CPU.ActiveCfg = Release|Any CPU
		{E1ED05B0-4E18-41FF-AED1-213CC5231467}.Release|Any CPU.Build.0 = Release|Any CPU
		{E1ED05B0-4E18-41FF-AED1-213CC5231467}.Release|x64.ActiveCfg = Release|Any CPU
		{E1ED05B0-4E18-41FF-AED1-213CC5231467}.Release|x64.Build.0 = Release|Any CPU
		{E1ED05B0-4E18-41FF-AED1-213CC5231467}.Release|x86.ActiveCfg = Release|Any CPU
		{E1ED05B0-4E18-41FF-AED1-213CC5231467}.Release|x86.Build.0 = Release|Any CPU
		{E1EF847F-DF8C-4DE6-BC47-F97C0AC67824}.Debug|Any CPU.ActiveCfg = Debug|Any CPU
		{E1EF847F-DF8C-4DE6-BC47-F97C0AC67824}.Debug|Any CPU.Build.0 = Debug|Any CPU
		{E1EF847F-DF8C-4DE6-BC47-F97C0AC67824}.Debug|x64.ActiveCfg = Debug|Any CPU
		{E1EF847F-DF8C-4DE6-BC47-F97C0AC67824}.Debug|x64.Build.0 = Debug|Any CPU
		{E1EF847F-DF8C-4DE6-BC47-F97C0AC67824}.Debug|x86.ActiveCfg = Debug|Any CPU
		{E1EF847F-DF8C-4DE6-BC47-F97C0AC67824}.Debug|x86.Build.0 = Debug|Any CPU
		{E1EF847F-DF8C-4DE6-BC47-F97C0AC67824}.Release|Any CPU.ActiveCfg = Release|Any CPU
		{E1EF847F-DF8C-4DE6-BC47-F97C0AC67824}.Release|Any CPU.Build.0 = Release|Any CPU
		{E1EF847F-DF8C-4DE6-BC47-F97C0AC67824}.Release|x64.ActiveCfg = Release|Any CPU
		{E1EF847F-DF8C-4DE6-BC47-F97C0AC67824}.Release|x64.Build.0 = Release|Any CPU
		{E1EF847F-DF8C-4DE6-BC47-F97C0AC67824}.Release|x86.ActiveCfg = Release|Any CPU
		{E1EF847F-DF8C-4DE6-BC47-F97C0AC67824}.Release|x86.Build.0 = Release|Any CPU
		{5150D36A-2503-455C-9B92-4E1B8F596913}.Debug|Any CPU.ActiveCfg = Debug|Any CPU
		{5150D36A-2503-455C-9B92-4E1B8F596913}.Debug|Any CPU.Build.0 = Debug|Any CPU
		{5150D36A-2503-455C-9B92-4E1B8F596913}.Debug|x64.ActiveCfg = Debug|Any CPU
		{5150D36A-2503-455C-9B92-4E1B8F596913}.Debug|x64.Build.0 = Debug|Any CPU
		{5150D36A-2503-455C-9B92-4E1B8F596913}.Debug|x86.ActiveCfg = Debug|Any CPU
		{5150D36A-2503-455C-9B92-4E1B8F596913}.Debug|x86.Build.0 = Debug|Any CPU
		{5150D36A-2503-455C-9B92-4E1B8F596913}.Release|Any CPU.ActiveCfg = Release|Any CPU
		{5150D36A-2503-455C-9B92-4E1B8F596913}.Release|Any CPU.Build.0 = Release|Any CPU
		{5150D36A-2503-455C-9B92-4E1B8F596913}.Release|x64.ActiveCfg = Release|Any CPU
		{5150D36A-2503-455C-9B92-4E1B8F596913}.Release|x64.Build.0 = Release|Any CPU
		{5150D36A-2503-455C-9B92-4E1B8F596913}.Release|x86.ActiveCfg = Release|Any CPU
		{5150D36A-2503-455C-9B92-4E1B8F596913}.Release|x86.Build.0 = Release|Any CPU
		{3952634E-15C6-49B5-9187-CAA6AA0BD8AA}.Debug|Any CPU.ActiveCfg = Debug|Any CPU
		{3952634E-15C6-49B5-9187-CAA6AA0BD8AA}.Debug|Any CPU.Build.0 = Debug|Any CPU
		{3952634E-15C6-49B5-9187-CAA6AA0BD8AA}.Debug|x64.ActiveCfg = Debug|Any CPU
		{3952634E-15C6-49B5-9187-CAA6AA0BD8AA}.Debug|x64.Build.0 = Debug|Any CPU
		{3952634E-15C6-49B5-9187-CAA6AA0BD8AA}.Debug|x86.ActiveCfg = Debug|Any CPU
		{3952634E-15C6-49B5-9187-CAA6AA0BD8AA}.Debug|x86.Build.0 = Debug|Any CPU
		{3952634E-15C6-49B5-9187-CAA6AA0BD8AA}.Release|Any CPU.ActiveCfg = Release|Any CPU
		{3952634E-15C6-49B5-9187-CAA6AA0BD8AA}.Release|Any CPU.Build.0 = Release|Any CPU
		{3952634E-15C6-49B5-9187-CAA6AA0BD8AA}.Release|x64.ActiveCfg = Release|Any CPU
		{3952634E-15C6-49B5-9187-CAA6AA0BD8AA}.Release|x64.Build.0 = Release|Any CPU
		{3952634E-15C6-49B5-9187-CAA6AA0BD8AA}.Release|x86.ActiveCfg = Release|Any CPU
		{3952634E-15C6-49B5-9187-CAA6AA0BD8AA}.Release|x86.Build.0 = Release|Any CPU
		{851AA1C7-A3AD-406E-8681-8CECD5E9CA88}.Debug|Any CPU.ActiveCfg = Debug|Any CPU
		{851AA1C7-A3AD-406E-8681-8CECD5E9CA88}.Debug|Any CPU.Build.0 = Debug|Any CPU
		{851AA1C7-A3AD-406E-8681-8CECD5E9CA88}.Debug|x64.ActiveCfg = Debug|Any CPU
		{851AA1C7-A3AD-406E-8681-8CECD5E9CA88}.Debug|x64.Build.0 = Debug|Any CPU
		{851AA1C7-A3AD-406E-8681-8CECD5E9CA88}.Debug|x86.ActiveCfg = Debug|Any CPU
		{851AA1C7-A3AD-406E-8681-8CECD5E9CA88}.Debug|x86.Build.0 = Debug|Any CPU
		{851AA1C7-A3AD-406E-8681-8CECD5E9CA88}.Release|Any CPU.ActiveCfg = Release|Any CPU
		{851AA1C7-A3AD-406E-8681-8CECD5E9CA88}.Release|Any CPU.Build.0 = Release|Any CPU
		{851AA1C7-A3AD-406E-8681-8CECD5E9CA88}.Release|x64.ActiveCfg = Release|Any CPU
		{851AA1C7-A3AD-406E-8681-8CECD5E9CA88}.Release|x64.Build.0 = Release|Any CPU
		{851AA1C7-A3AD-406E-8681-8CECD5E9CA88}.Release|x86.ActiveCfg = Release|Any CPU
		{851AA1C7-A3AD-406E-8681-8CECD5E9CA88}.Release|x86.Build.0 = Release|Any CPU
		{AFE2D33F-A20B-45E3-9471-DA20655CB8C0}.Debug|Any CPU.ActiveCfg = Debug|Any CPU
		{AFE2D33F-A20B-45E3-9471-DA20655CB8C0}.Debug|Any CPU.Build.0 = Debug|Any CPU
		{AFE2D33F-A20B-45E3-9471-DA20655CB8C0}.Debug|x64.ActiveCfg = Debug|Any CPU
		{AFE2D33F-A20B-45E3-9471-DA20655CB8C0}.Debug|x64.Build.0 = Debug|Any CPU
		{AFE2D33F-A20B-45E3-9471-DA20655CB8C0}.Debug|x86.ActiveCfg = Debug|Any CPU
		{AFE2D33F-A20B-45E3-9471-DA20655CB8C0}.Debug|x86.Build.0 = Debug|Any CPU
		{AFE2D33F-A20B-45E3-9471-DA20655CB8C0}.Release|Any CPU.ActiveCfg = Release|Any CPU
		{AFE2D33F-A20B-45E3-9471-DA20655CB8C0}.Release|Any CPU.Build.0 = Release|Any CPU
		{AFE2D33F-A20B-45E3-9471-DA20655CB8C0}.Release|x64.ActiveCfg = Release|Any CPU
		{AFE2D33F-A20B-45E3-9471-DA20655CB8C0}.Release|x64.Build.0 = Release|Any CPU
		{AFE2D33F-A20B-45E3-9471-DA20655CB8C0}.Release|x86.ActiveCfg = Release|Any CPU
		{AFE2D33F-A20B-45E3-9471-DA20655CB8C0}.Release|x86.Build.0 = Release|Any CPU
		{1ACF0E5D-58DE-4612-A3DB-A5ECA072D7C1}.Debug|Any CPU.ActiveCfg = Debug|Any CPU
		{1ACF0E5D-58DE-4612-A3DB-A5ECA072D7C1}.Debug|Any CPU.Build.0 = Debug|Any CPU
		{1ACF0E5D-58DE-4612-A3DB-A5ECA072D7C1}.Debug|x64.ActiveCfg = Debug|Any CPU
		{1ACF0E5D-58DE-4612-A3DB-A5ECA072D7C1}.Debug|x64.Build.0 = Debug|Any CPU
		{1ACF0E5D-58DE-4612-A3DB-A5ECA072D7C1}.Debug|x86.ActiveCfg = Debug|Any CPU
		{1ACF0E5D-58DE-4612-A3DB-A5ECA072D7C1}.Debug|x86.Build.0 = Debug|Any CPU
		{1ACF0E5D-58DE-4612-A3DB-A5ECA072D7C1}.Release|Any CPU.ActiveCfg = Release|Any CPU
		{1ACF0E5D-58DE-4612-A3DB-A5ECA072D7C1}.Release|Any CPU.Build.0 = Release|Any CPU
		{1ACF0E5D-58DE-4612-A3DB-A5ECA072D7C1}.Release|x64.ActiveCfg = Release|Any CPU
		{1ACF0E5D-58DE-4612-A3DB-A5ECA072D7C1}.Release|x64.Build.0 = Release|Any CPU
		{1ACF0E5D-58DE-4612-A3DB-A5ECA072D7C1}.Release|x86.ActiveCfg = Release|Any CPU
		{1ACF0E5D-58DE-4612-A3DB-A5ECA072D7C1}.Release|x86.Build.0 = Release|Any CPU
		{DE925DCC-81F8-40B6-B355-63283CDDD0C9}.Debug|Any CPU.ActiveCfg = Debug|Any CPU
		{DE925DCC-81F8-40B6-B355-63283CDDD0C9}.Debug|Any CPU.Build.0 = Debug|Any CPU
		{DE925DCC-81F8-40B6-B355-63283CDDD0C9}.Debug|x64.ActiveCfg = Debug|Any CPU
		{DE925DCC-81F8-40B6-B355-63283CDDD0C9}.Debug|x64.Build.0 = Debug|Any CPU
		{DE925DCC-81F8-40B6-B355-63283CDDD0C9}.Debug|x86.ActiveCfg = Debug|Any CPU
		{DE925DCC-81F8-40B6-B355-63283CDDD0C9}.Debug|x86.Build.0 = Debug|Any CPU
		{DE925DCC-81F8-40B6-B355-63283CDDD0C9}.Release|Any CPU.ActiveCfg = Release|Any CPU
		{DE925DCC-81F8-40B6-B355-63283CDDD0C9}.Release|Any CPU.Build.0 = Release|Any CPU
		{DE925DCC-81F8-40B6-B355-63283CDDD0C9}.Release|x64.ActiveCfg = Release|Any CPU
		{DE925DCC-81F8-40B6-B355-63283CDDD0C9}.Release|x64.Build.0 = Release|Any CPU
		{DE925DCC-81F8-40B6-B355-63283CDDD0C9}.Release|x86.ActiveCfg = Release|Any CPU
		{DE925DCC-81F8-40B6-B355-63283CDDD0C9}.Release|x86.Build.0 = Release|Any CPU
		{4925B221-DD6A-4605-8A16-B1EE8AD98948}.Debug|Any CPU.ActiveCfg = Debug|Any CPU
		{4925B221-DD6A-4605-8A16-B1EE8AD98948}.Debug|Any CPU.Build.0 = Debug|Any CPU
		{4925B221-DD6A-4605-8A16-B1EE8AD98948}.Debug|x64.ActiveCfg = Debug|Any CPU
		{4925B221-DD6A-4605-8A16-B1EE8AD98948}.Debug|x64.Build.0 = Debug|Any CPU
		{4925B221-DD6A-4605-8A16-B1EE8AD98948}.Debug|x86.ActiveCfg = Debug|Any CPU
		{4925B221-DD6A-4605-8A16-B1EE8AD98948}.Debug|x86.Build.0 = Debug|Any CPU
		{4925B221-DD6A-4605-8A16-B1EE8AD98948}.Release|Any CPU.ActiveCfg = Release|Any CPU
		{4925B221-DD6A-4605-8A16-B1EE8AD98948}.Release|Any CPU.Build.0 = Release|Any CPU
		{4925B221-DD6A-4605-8A16-B1EE8AD98948}.Release|x64.ActiveCfg = Release|Any CPU
		{4925B221-DD6A-4605-8A16-B1EE8AD98948}.Release|x64.Build.0 = Release|Any CPU
		{4925B221-DD6A-4605-8A16-B1EE8AD98948}.Release|x86.ActiveCfg = Release|Any CPU
		{4925B221-DD6A-4605-8A16-B1EE8AD98948}.Release|x86.Build.0 = Release|Any CPU
		{95B56CA4-E5E5-46E6-9629-8B4D3B068838}.Debug|Any CPU.ActiveCfg = Debug|Any CPU
		{95B56CA4-E5E5-46E6-9629-8B4D3B068838}.Debug|Any CPU.Build.0 = Debug|Any CPU
		{95B56CA4-E5E5-46E6-9629-8B4D3B068838}.Debug|x64.ActiveCfg = Debug|Any CPU
		{95B56CA4-E5E5-46E6-9629-8B4D3B068838}.Debug|x64.Build.0 = Debug|Any CPU
		{95B56CA4-E5E5-46E6-9629-8B4D3B068838}.Debug|x86.ActiveCfg = Debug|Any CPU
		{95B56CA4-E5E5-46E6-9629-8B4D3B068838}.Debug|x86.Build.0 = Debug|Any CPU
		{95B56CA4-E5E5-46E6-9629-8B4D3B068838}.Release|Any CPU.ActiveCfg = Release|Any CPU
		{95B56CA4-E5E5-46E6-9629-8B4D3B068838}.Release|Any CPU.Build.0 = Release|Any CPU
		{95B56CA4-E5E5-46E6-9629-8B4D3B068838}.Release|x64.ActiveCfg = Release|Any CPU
		{95B56CA4-E5E5-46E6-9629-8B4D3B068838}.Release|x64.Build.0 = Release|Any CPU
		{95B56CA4-E5E5-46E6-9629-8B4D3B068838}.Release|x86.ActiveCfg = Release|Any CPU
		{95B56CA4-E5E5-46E6-9629-8B4D3B068838}.Release|x86.Build.0 = Release|Any CPU
		{F2F1257C-3AE6-4E7D-8AF7-E5F8FF165157}.Debug|Any CPU.ActiveCfg = Debug|Any CPU
		{F2F1257C-3AE6-4E7D-8AF7-E5F8FF165157}.Debug|Any CPU.Build.0 = Debug|Any CPU
		{F2F1257C-3AE6-4E7D-8AF7-E5F8FF165157}.Debug|x64.ActiveCfg = Debug|Any CPU
		{F2F1257C-3AE6-4E7D-8AF7-E5F8FF165157}.Debug|x64.Build.0 = Debug|Any CPU
		{F2F1257C-3AE6-4E7D-8AF7-E5F8FF165157}.Debug|x86.ActiveCfg = Debug|Any CPU
		{F2F1257C-3AE6-4E7D-8AF7-E5F8FF165157}.Debug|x86.Build.0 = Debug|Any CPU
		{F2F1257C-3AE6-4E7D-8AF7-E5F8FF165157}.Release|Any CPU.ActiveCfg = Release|Any CPU
		{F2F1257C-3AE6-4E7D-8AF7-E5F8FF165157}.Release|Any CPU.Build.0 = Release|Any CPU
		{F2F1257C-3AE6-4E7D-8AF7-E5F8FF165157}.Release|x64.ActiveCfg = Release|Any CPU
		{F2F1257C-3AE6-4E7D-8AF7-E5F8FF165157}.Release|x64.Build.0 = Release|Any CPU
		{F2F1257C-3AE6-4E7D-8AF7-E5F8FF165157}.Release|x86.ActiveCfg = Release|Any CPU
		{F2F1257C-3AE6-4E7D-8AF7-E5F8FF165157}.Release|x86.Build.0 = Release|Any CPU
	EndGlobalSection
	GlobalSection(SolutionProperties) = preSolution
		HideSolutionNode = FALSE
	EndGlobalSection
	GlobalSection(NestedProjects) = preSolution
		{4925B221-DD6A-4605-8A16-B1EE8AD98948} = {226D2EAE-53BB-7C2A-3826-E350C8290EB6}
		{95B56CA4-E5E5-46E6-9629-8B4D3B068838} = {226D2EAE-53BB-7C2A-3826-E350C8290EB6}
		{F2F1257C-3AE6-4E7D-8AF7-E5F8FF165157} = {226D2EAE-53BB-7C2A-3826-E350C8290EB6}
	EndGlobalSection
EndGlobal
